{
  "version": 1,
  "dependencies": {
    ".NETStandard,Version=v2.1": {
      "DotNet.ReproducibleBuilds": {
        "type": "Direct",
        "requested": "[1.2.4, )",
        "resolved": "1.2.4",
        "contentHash": "Ch9U74tQA2fQH+U0hcYH7WyIFUfAq7jrjgSHVu2FAcYiMBtbrCMyq2nGA/ZZnB2jSaUeOOYiCjxeaDVB7Ssbdw=="
      },
      "Meziantou.Polyfill": {
        "type": "Direct",
        "requested": "[1.0.39, )",
        "resolved": "1.0.39",
        "contentHash": "hqeFk63pjJvovNTl1fnTDcIB7XTt7uiD1O9bNHRi94JIZ31ILkKsb/Gv32U0RGMScddQUp4KZGYkgSpw1zozog=="
      },
      "Microsoft.Extensions.Logging.Abstractions": {
        "type": "Direct",
        "requested": "[5.0.0, )",
        "resolved": "5.0.0",
        "contentHash": "NxP6ahFcBnnSfwNBi2KH2Oz8Xl5Sm2krjId/jRR3I7teFphwiUoUeZPwTNA21EX+5PtjqmyAvKaOeBXcJjcH/w=="
      },
      "xunit.abstractions": {
        "type": "Direct",
        "requested": "[2.0.3, )",
        "resolved": "2.0.3",
        "contentHash": "pot1I4YOxlWjIb5jmwvvQNbTrZ3lJQ+jUGkGjWE3hEFM0l5gOnBWS+H3qsex68s5cO52g+44vpGzhAt+42vwKg=="
      }
    }
  }
}